{
  "name": "personal_homepage_for_fanzhou",
  "version": "1.0.0",
  "lockfileVersion": 3,
  "requires": true,
  "packages": {
    "": {
      "name": "personal_homepage_for_fanzhou",
      "version": "1.0.0",
      "license": "MIT",
      "devDependencies": {
        "eslint": "^8.49.0"
      }
    },
    "scripts": {
      "lint": "eslint . --ext .js,.jsx"
    }
  }
}
